
Microsoft Visual Studio Solution File, Format Version 12.00
# Visual Studio Version 16
VisualStudioVersion = 25.0.1706.9
MinimumVisualStudioVersion = 10.0.40219.1
Project("{FAE04EC0-301F-11D3-BF4B-00C04F79EFBC}") = "SimpleCalculatorApp", "SimpleCalculatorApp\SimpleCalculatorApp.csproj", "{95599993-BEF3-4D98-9773-86ABE640542F}"
EndProject
Project("{FAE04EC0-301F-11D3-BF4B-00C04F79EFBC}") = "SimpleCalculatorAppTests", "SimpleCalculatorAppTests\SimpleCalculatorAppTests.csproj", "{91AB964E-DE3A-48F8-BBE7-DC8EB72A45BC}"
EndProject
Global
	GlobalSection(SolutionConfigurationPlatforms) = preSolution
		Debug|Any CPU = Debug|Any CPU
		Release|Any CPU = Release|Any CPU
	EndGlobalSection
	GlobalSection(ProjectConfigurationPlatforms) = postSolution
		{95599993-BEF3-4D98-9773-86ABE640542F}.Debug|Any CPU.ActiveCfg = Debug|Any CPU
		{95599993-BEF3-4D98-9773-86ABE640542F}.Debug|Any CPU.Build.0 = Debug|Any CPU
		{95599993-BEF3-4D98-9773-86ABE640542F}.Release|Any CPU.ActiveCfg = Release|Any CPU
		{95599993-BEF3-4D98-9773-86ABE640542F}.Release|Any CPU.Build.0 = Release|Any CPU
		{91AB964E-DE3A-48F8-BBE7-DC8EB72A45BC}.Debug|Any CPU.ActiveCfg = Debug|Any CPU
		{91AB964E-DE3A-48F8-BBE7-DC8EB72A45BC}.Debug|Any CPU.Build.0 = Debug|Any CPU
		{91AB964E-DE3A-48F8-BBE7-DC8EB72A45BC}.Release|Any CPU.ActiveCfg = Release|Any CPU
		{91AB964E-DE3A-48F8-BBE7-DC8EB72A45BC}.Release|Any CPU.Build.0 = Release|Any CPU
	EndGlobalSection
	GlobalSection(SolutionProperties) = preSolution
		HideSolutionNode = FALSE
	EndGlobalSection
	GlobalSection(ExtensibilityGlobals) = postSolution
		SolutionGuid = {57AF6EE0-0EE9-4031-AC3C-B300BBD12A9A}
	EndGlobalSection
EndGlobal
